// !$*UTF8*$!
{
	archiveVersion = 1;
	classes = {
	};
	objectVersion = 46;
	objects = {

/* Begin PBXBuildFile section */
		9611B00D1AED12DD004B44E6 /* AppDelegate.swift in Sources */ = {isa = PBXBuildFile; fileRef = 9611B00C1AED12DD004B44E6 /* AppDelegate.swift */; };
		9611B00F1AED12DD004B44E6 /* ViewController.swift in Sources */ = {isa = PBXBuildFile; fileRef = 9611B00E1AED12DD004B44E6 /* ViewController.swift */; };
		9611B0121AED12DD004B44E6 /* Main.storyboard in Resources */ = {isa = PBXBuildFile; fileRef = 9611B0101AED12DD004B44E6 /* Main.storyboard */; };
		9611B0141AED12DD004B44E6 /* Images.xcassets in Resources */ = {isa = PBXBuildFile; fileRef = 9611B0131AED12DD004B44E6 /* Images.xcassets */; };
		9611B0171AED12DD004B44E6 /* LaunchScreen.xib in Resources */ = {isa = PBXBuildFile; fileRef = 9611B0151AED12DD004B44E6 /* LaunchScreen.xib */; };
		9611B0231AED12DD004B44E6 /* StanfordCalculatorTests.swift in Sources */ = {isa = PBXBuildFile; fileRef = 9611B0221AED12DD004B44E6 /* StanfordCalculatorTests.swift */; };
/* End PBXBuildFile section */

/* Begin PBXContainerItemProxy section */
		9611B01D1AED12DD004B44E6 /* PBXContainerItemProxy */ = {
			isa = PBXContainerItemProxy;
			containerPortal = 9611AFFF1AED12DD004B44E6 /* Project object */;
			proxyType = 1;
			remoteGlobalIDString = 9611B0061AED12DD004B44E6;
			remoteInfo = StanfordCalculator;
		};
/* End PBXContainerItemProxy section */

/* Begin PBXFileReference section */
		9611B0071AED12DD004B44E6 /* StanfordCalculator.app */ = {isa = PBXFileReference; explicitFileType = wrapper.application; includeInIndex = 0; path = StanfordCalculator.app; sourceTree = BUILT_PRODUCTS_DIR; };
		9611B00B1AED12DD004B44E6 /* Info.plist */ = {isa = PBXFileReference; lastKnownFileType = text.plist.xml; path = Info.plist; sourceTree = "<group>"; };
		9611B00C1AED12DD004B44E6 /* AppDelegate.swift */ = {isa = PBXFileReference; lastKnownFileType = sourcecode.swift; path = AppDelegate.swift; sourceTree = "<group>"; };
		9611B00E1AED12DD004B44E6 /* ViewController.swift */ = {isa = PBXFileReference; lastKnownFileType = sourcecode.swift; path = ViewController.swift; sourceTree = "<group>"; };
		9611B0111AED12DD004B44E6 /* Base */ = {isa = PBXFileReference; lastKnownFileType = file.storyboard; name = Base; path = Base.lproj/Main.storyboard; sourceTree = "<group>"; };
		9611B0131AED12DD004B44E6 /* Images.xcassets */ = {isa = PBXFileReference; lastKnownFileType = folder.assetcatalog; path = Images.xcassets; sourceTree = "<group>"; };
		9611B0161AED12DD004B44E6 /* Base */ = {isa = PBXFileReference; lastKnownFileType = file.xib; name = Base; path = Base.lproj/LaunchScreen.xib; sourceTree = "<group>"; };
		9611B01C1AED12DD004B44E6 /* StanfordCalculatorTests.xctest */ = {isa = PBXFileReference; explicitFileType = wrapper.cfbundle; includeInIndex = 0; path = StanfordCalculatorTests.xctest; sourceTree = BUILT_PRODUCTS_DIR; };
		9611B0211AED12DD004B44E6 /* Info.plist */ = {isa = PBXFileReference; lastKnownFileType = text.plist.xml; path = Info.plist; sourceTree = "<group>"; };
		9611B0221AED12DD004B44E6 /* StanfordCalculatorTests.swift */ = {isa = PBXFileReference; lastKnownFileType = sourcecode.swift; path = StanfordCalculatorTests.swift; sourceTree = "<group>"; };
/* End PBXFileReference section */

/* Begin PBXFrameworksBuildPhase section */
		9611B0041AED12DD004B44E6 /* Frameworks */ = {
			isa = PBXFrameworksBuildPhase;
			buildActionMask = 2147483647;
			files = (
			);
			runOnlyForDeploymentPostprocessing = 0;
		};
		9611B0191AED12DD004B44E6 /* Frameworks */ = {
			isa = PBXFrameworksBuildPhase;
			buildActionMask = 2147483647;
			files = (
			);
			runOnlyForDeploymentPostprocessing = 0;
		};
/* End PBXFrameworksBuildPhase section */

/* Begin PBXGroup section */
		9611AFFE1AED12DD004B44E6 = {
			isa = PBXGroup;
			children = (
				9611B0091AED12DD004B44E6 /* StanfordCalculator */,
				9611B01F1AED12DD004B44E6 /* StanfordCalculatorTests */,
				9611B0081AED12DD004B44E6 /* Products */,
			);
			sourceTree = "<group>";
		};
		9611B0081AED12DD004B44E6 /* Products */ = {
			isa = PBXGroup;
			children = (
				9611B0071AED12DD004B44E6 /* StanfordCalculator.app */,
				9611B01C1AED12DD004B44E6 /* StanfordCalculatorTests.xctest */,
			);
			name = Products;
			sourceTree = "<group>";
		};
		9611B0091AED12DD004B44E6 /* StanfordCalculator */ = {
			isa = PBXGroup;
			children = (
				9611B00C1AED12DD004B44E6 /* AppDelegate.swift */,
				9611B00E1AED12DD004B44E6 /* ViewController.swift */,
				9611B0101AED12DD004B44E6 /* Main.storyboard */,
				9611B0131AED12DD004B44E6 /* Images.xcassets */,
				9611B0151AED12DD004B44E6 /* LaunchScreen.xib */,
				9611B00A1AED12DD004B44E6 /* Supporting Files */,
			);
			path = StanfordCalculator;
			sourceTree = "<group>";
		};
		9611B00A1AED12DD004B44E6 /* Supporting Files */ = {
			isa = PBXGroup;
			children = (
				9611B00B1AED12DD004B44E6 /* Info.plist */,
			);
			name = "Supporting Files";
			sourceTree = "<group>";
		};
		9611B01F1AED12DD004B44E6 /* StanfordCalculatorTests */ = {
			isa = PBXGroup;
			children = (
				9611B0221AED12DD004B44E6 /* StanfordCalculatorTests.swift */,
				9611B0201AED12DD004B44E6 /* Supporting Files */,
			);
			path = StanfordCalculatorTests;
			sourceTree = "<group>";
		};
		9611B0201AED12DD004B44E6 /* Supporting Files */ = {
			isa = PBXGroup;
			children = (
				9611B0211AED12DD004B44E6 /* Info.plist */,
			);
			name = "Supporting Files";
			sourceTree = "<group>";
		};
/* End PBXGroup section */

/* Begin PBXNativeTarget section */
		9611B0061AED12DD004B44E6 /* StanfordCalculator */ = {
			isa = PBXNativeTarget;
			buildConfigurationList = 9611B0261AED12DD004B44E6 /* Build configuration list for PBXNativeTarget "StanfordCalculator" */;
			buildPhases = (
				9611B0031AED12DD004B44E6 /* Sources */,
				9611B0041AED12DD004B44E6 /* Frameworks */,
				9611B0051AED12DD004B44E6 /* Resources */,
			);
			buildRules = (
			);
			dependencies = (
			);
			name = StanfordCalculator;
			productName = StanfordCalculator;
			productReference = 9611B0071AED12DD004B44E6 /* StanfordCalculator.app */;
			productType = "com.apple.product-type.application";
		};
		9611B01B1AED12DD004B44E6 /* StanfordCalculatorTests */ = {
			isa = PBXNativeTarget;
			buildConfigurationList = 9611B0291AED12DD004B44E6 /* Build configuration list for PBXNativeTarget "StanfordCalculatorTests" */;
			buildPhases = (
				9611B0181AED12DD004B44E6 /* Sources */,
				9611B0191AED12DD004B44E6 /* Frameworks */,
				9611B01A1AED12DD004B44E6 /* Resources */,
			);
			buildRules = (
			);
			dependencies = (
				9611B01E1AED12DD004B44E6 /* PBXTargetDependency */,
			);
			name = StanfordCalculatorTests;
			productName = StanfordCalculatorTests;
			productReference = 9611B01C1AED12DD004B44E6 /* StanfordCalculatorTests.xctest */;
			productType = "com.apple.product-type.bundle.unit-test";
		};
/* End PBXNativeTarget section */

/* Begin PBXProject section */
		9611AFFF1AED12DD004B44E6 /* Project object */ = {
			isa = PBXProject;
			attributes = {
				LastUpgradeCheck = 0630;
				ORGANIZATIONNAME = "Jim Veneskey";
				TargetAttributes = {
					9611B0061AED12DD004B44E6 = {
						CreatedOnToolsVersion = 6.3.1;
					};
					9611B01B1AED12DD004B44E6 = {
						CreatedOnToolsVersion = 6.3.1;
						TestTargetID = 9611B0061AED12DD004B44E6;
					};
				};
			};
			buildConfigurationList = 9611B0021AED12DD004B44E6 /* Build configuration list for PBXProject "StanfordCalculator" */;
			compatibilityVersion = "Xcode 3.2";
			developmentRegion = English;
			hasScannedForEncodings = 0;
			knownRegions = (
				en,
				Base,
			);
			mainGroup = 9611AFFE1AED12DD004B44E6;
			productRefGroup = 9611B0081AED12DD004B44E6 /* Products */;
			projectDirPath = "";
			projectRoot = "";
			targets = (
				9611B0061AED12DD004B44E6 /* StanfordCalculator */,
				9611B01B1AED12DD004B44E6 /* StanfordCalculatorTests */,
			);
		};
/* End PBXProject section */

/* Begin PBXResourcesBuildPhase section */
		9611B0051AED12DD004B44E6 /* Resources */ = {
			isa = PBXResourcesBuildPhase;
			buildActionMask = 2147483647;
			files = (
				9611B0121AED12DD004B44E6 /* Main.storyboard in Resources */,
				9611B0171AED12DD004B44E6 /* LaunchScreen.xib in Resources */,
				9611B0141AED12DD004B44E6 /* Images.xcassets in Resources */,
			);
			runOnlyForDeploymentPostprocessing = 0;
		};
		9611B01A1AED12DD004B44E6 /* Resources */ = {
			isa = PBXResourcesBuildPhase;
			buildActionMask = 2147483647;
			files = (
			);
			runOnlyForDeploymentPostprocessing = 0;
		};
/* End PBXResourcesBuildPhase section */

/* Begin PBXSourcesBuildPhase section */
		9611B0031AED12DD004B44E6 /* Sources */ = {
			isa = PBXSourcesBuildPhase;
			buildActionMask = 2147483647;
			files = (
				9611B00F1AED12DD004B44E6 /* ViewController.swift in Sources */,
				9611B00D1AED12DD004B44E6 /* AppDelegate.swift in Sources */,
			);
			runOnlyForDeploymentPostprocessing = 0;
		};
		9611B0181AED12DD004B44E6 /* Sources */ = {
			isa = PBXSourcesBuildPhase;
			buildActionMask = 2147483647;
			files = (
				9611B0231AED12DD004B44E6 /* StanfordCalculatorTests.swift in Sources */,
			);
			runOnlyForDeploymentPostprocessing = 0;
		};
/* End PBXSourcesBuildPhase section */

/* Begin PBXTargetDependency section */
		9611B01E1AED12DD004B44E6 /* PBXTargetDependency */ = {
			isa = PBXTargetDependency;
			target = 9611B0061AED12DD004B44E6 /* StanfordCalculator */;
			targetProxy = 9611B01D1AED12DD004B44E6 /* PBXContainerItemProxy */;
		};
/* End PBXTargetDependency section */

/* Begin PBXVariantGroup section */
		9611B0101AED12DD004B44E6 /* Main.storyboard */ = {
			isa = PBXVariantGroup;
			children = (
				9611B0111AED12DD004B44E6 /* Base */,
			);
			name = Main.storyboard;
			sourceTree = "<group>";
		};
		9611B0151AED12DD004B44E6 /* LaunchScreen.xib */ = {
			isa = PBXVariantGroup;
			children = (
				9611B0161AED12DD004B44E6 /* Base */,
			);
			name = LaunchScreen.xib;
			sourceTree = "<group>";
		};
/* End PBXVariantGroup section */

/* Begin XCBuildConfiguration section */
		9611B0241AED12DD004B44E6 /* Debug */ = {
			isa = XCBuildConfiguration;
			buildSettings = {
				ALWAYS_SEARCH_USER_PATHS = NO;
				CLANG_CXX_LANGUAGE_STANDARD = "gnu++0x";
				CLANG_CXX_LIBRARY = "libc++";
				CLANG_ENABLE_MODULES = YES;
				CLANG_ENABLE_OBJC_ARC = YES;
				CLANG_WARN_BOOL_CONVERSION = YES;
				CLANG_WARN_CONSTANT_CONVERSION = YES;
				CLANG_WARN_DIRECT_OBJC_ISA_USAGE = YES_ERROR;
				CLANG_WARN_EMPTY_BODY = YES;
				CLANG_WARN_ENUM_CONVERSION = YES;
				CLANG_WARN_INT_CONVERSION = YES;
				CLANG_WARN_OBJC_ROOT_CLASS = YES_ERROR;
				CLANG_WARN_UNREACHABLE_CODE = YES;
				CLANG_WARN__DUPLICATE_METHOD_MATCH = YES;
				"CODE_SIGN_IDENTITY[sdk=iphoneos*]" = "iPhone Developer";
				COPY_PHASE_STRIP = NO;
				DEBUG_INFORMATION_FORMAT = "dwarf-with-dsym";
				ENABLE_STRICT_OBJC_MSGSEND = YES;
				GCC_C_LANGUAGE_STANDARD = gnu99;
				GCC_DYNAMIC_NO_PIC = NO;
				GCC_NO_COMMON_BLOCKS = YES;
				GCC_OPTIMIZATION_LEVEL = 0;
				GCC_PREPROCESSOR_DEFINITIONS = (
					"DEBUG=1",
					"$(inherited)",
				);
				GCC_SYMBOLS_PRIVATE_EXTERN = NO;
				GCC_WARN_64_TO_32_BIT_CONVERSION = YES;
				GCC_WARN_ABOUT_RETURN_TYPE = YES_ERROR;
				GCC_WARN_UNDECLARED_SELECTOR = YES;
				GCC_WARN_UNINITIALIZED_AUTOS = YES_AGGRESSIVE;
				GCC_WARN_UNUSED_FUNCTION = YES;
				GCC_WARN_UNUSED_VARIABLE = YES;
				IPHONEOS_DEPLOYMENT_TARGET = 8.2;
				MTL_ENABLE_DEBUG_INFO = YES;
				ONLY_ACTIVE_ARCH = YES;
				SDKROOT = iphoneos;
				SWIFT_OPTIMIZATION_LEVEL = "-Onone";
				TARGETED_DEVICE_FAMILY = "1,2";
			};
			name = Debug;
		};
		9611B0251AED12DD004B44E6 /* Release */ = {
			isa = XCBuildConfiguration;
			buildSettings = {
				ALWAYS_SEARCH_USER_PATHS = NO;
				CLANG_CXX_LANGUAGE_STANDARD = "gnu++0x";
				CLANG_CXX_LIBRARY = "libc++";
				CLANG_ENABLE_MODULES = YES;
				CLANG_ENABLE_OBJC_ARC = YES;
				CLANG_WARN_BOOL_CONVERSION = YES;
				CLANG_WARN_CONSTANT_CONVERSION = YES;
				CLANG_WARN_DIRECT_OBJC_ISA_USAGE = YES_ERROR;
				CLANG_WARN_EMPTY_BODY = YES;
				CLANG_WARN_ENUM_CONVERSION = YES;
				CLANG_WARN_INT_CONVERSION = YES;
				CLANG_WARN_OBJC_ROOT_CLASS = YES_ERROR;
				CLANG_WARN_UNREACHABLE_CODE = YES;
				CLANG_WARN__DUPLICATE_METHOD_MATCH = YES;
				"CODE_SIGN_IDENTITY[sdk=iphoneos*]" = "iPhone Developer";
				COPY_PHASE_STRIP = NO;
				DEBUG_INFORMATION_FORMAT = "dwarf-with-dsym";
				ENABLE_NS_ASSERTIONS = NO;
				ENABLE_STRICT_OBJC_MSGSEND = YES;
				GCC_C_LANGUAGE_STANDARD = gnu99;
				GCC_NO_COMMON_BLOCKS = YES;
				GCC_WARN_64_TO_32_BIT_CONVERSION = YES;
				GCC_WARN_ABOUT_RETURN_TYPE = YES_ERROR;
				GCC_WARN_UNDECLARED_SELECTOR = YES;
				GCC_WARN_UNINITIALIZED_AUTOS = YES_AGGRESSIVE;
				GCC_WARN_UNUSED_FUNCTION = YES;
				GCC_WARN_UNUSED_VARIABLE = YES;
				IPHONEOS_DEPLOYMENT_TARGET = 8.2;
				MTL_ENABLE_DEBUG_INFO = NO;
				SDKROOT = iphoneos;
				TARGETED_DEVICE_FAMILY = "1,2";
				VALIDATE_PRODUCT = YES;
			};
			name = Release;
		};
		9611B0271AED12DD004B44E6 /* Debug */ = {
			isa = XCBuildConfiguration;
			buildSettings = {
				ASSETCATALOG_COMPILER_APPICON_NAME = AppIcon;
				INFOPLIST_FILE = StanfordCalculator/Info.plist;
				IPHONEOS_DEPLOYMENT_TARGET = 8.1;
				LD_RUNPATH_SEARCH_PATHS = "$(inherited) @executable_path/Frameworks";
				PRODUCT_NAME = "$(TARGET_NAME)";
			};
			name = Debug;
		};
		9611B0281AED12DD004B44E6 /* Release */ = {
			isa = XCBuildConfiguration;
			buildSettings = {
				ASSETCATALOG_COMPILER_APPICON_NAME = AppIcon;
				INFOPLIST_FILE = StanfordCalculator/Info.plist;
				IPHONEOS_DEPLOYMENT_TARGET = 8.1;
				LD_RUNPATH_SEARCH_PATHS = "$(inherited) @executable_path/Frameworks";
				PRODUCT_NAME = "$(TARGET_NAME)";
			};
			name = Release;
		};
		9611B02A1AED12DD004B44E6 /* Debug */ = {
			isa = XCBuildConfiguration;
			buildSettings = {
				BUNDLE_LOADER = "$(TEST_HOST)";
				FRAMEWORK_SEARCH_PATHS = (
					"$(SDKROOT)/Developer/Library/Frameworks",
					"$(inherited)",
				);
				GCC_PREPROCESSOR_DEFINITIONS = (
					"DEBUG=1",
					"$(inherited)",
				);
				INFOPLIST_FILE = StanfordCalculatorTests/Info.plist;
				IPHONEOS_DEPLOYMENT_TARGET = 8.1;
				LD_RUNPATH_SEARCH_PATHS = "$(inherited) @executable_path/Frameworks @loader_path/Frameworks";
				PRODUCT_NAME = "$(TARGET_NAME)";
				TEST_HOST = "$(BUILT_PRODUCTS_DIR)/StanfordCalculator.app/StanfordCalculator";
			};
			name = Debug;
		};
		9611B02B1AED12DD004B44E6 /* Release */ = {
			isa = XCBuildConfiguration;
			buildSettings = {
				BUNDLE_LOADER = "$(TEST_HOST)";
				FRAMEWORK_SEARCH_PATHS = (
					"$(SDKROOT)/Developer/Library/Frameworks",
					"$(inherited)",
				);
				INFOPLIST_FILE = StanfordCalculatorTests/Info.plist;
				IPHONEOS_DEPLOYMENT_TARGET = 8.1;
				LD_RUNPATH_SEARCH_PATHS = "$(inherited) @executable_path/Frameworks @loader_path/Frameworks";
				PRODUCT_NAME = "$(TARGET_NAME)";
				TEST_HOST = "$(BUILT_PRODUCTS_DIR)/StanfordCalculator.app/StanfordCalculator";
			};
			name = Release;
		};
/* End XCBuildConfiguration section */

/* Begin XCConfigurationList section */
		9611B0021AED12DD004B44E6 /* Build configuration list for PBXProject "StanfordCalculator" */ = {
			isa = XCConfigurationList;
			buildConfigurations = (
				9611B0241AED12DD004B44E6 /* Debug */,
				9611B0251AED12DD004B44E6 /* Release */,
			);
			defaultConfigurationIsVisible = 0;
			defaultConfigurationName = Release;
		};
		9611B0261AED12DD004B44E6 /* Build configuration list for PBXNativeTarget "StanfordCalculator" */ = {
			isa = XCConfigurationList;
			buildConfigurations = (
				9611B0271AED12DD004B44E6 /* Debug */,
				9611B0281AED12DD004B44E6 /* Release */,
			);
			defaultConfigurationIsVisible = 0;
			defaultConfigurationName = Release;
		};
		9611B0291AED12DD004B44E6 /* Build configuration list for PBXNativeTarget "StanfordCalculatorTests" */ = {
			isa = XCConfigurationList;
			buildConfigurations = (
				9611B02A1AED12DD004B44E6 /* Debug */,
				9611B02B1AED12DD004B44E6 /* Release */,
			);
			defaultConfigurationIsVisible = 0;
			defaultConfigurationName = Release;
		};
/* End XCConfigurationList section */
	};
	rootObject = 9611AFFF1AED12DD004B44E6 /* Project object */;
}
